# THIS IS AN AUTOGENERATED FILE. DO NOT EDIT THIS FILE DIRECTLY.
# yarn lockfile v1


bindings@~1.2.1:
  version "1.2.1"
  resolved "https://registry.yarnpkg.com/bindings/-/bindings-1.2.1.tgz#14ad6113812d2d37d72e67b4cacb4bb726505f11"
  integrity sha1-FK1hE4EtLTfXLme0ystLtyZQXxE=

mdns@^2.4.0:
  version "2.4.0"
  resolved "https://registry.yarnpkg.com/mdns/-/mdns-2.4.0.tgz#dc9d7152086a2ca8f1ed81eb451a7ee4cb456940"
  integrity sha512-t58BWOyagGpATg8LlALpnqjfT7VHBq6/HCLfU/SK0Ox+enx3Cut7voWB9DPwjrdoccql6Z6ZY1rwuBX93t0Vpw==
  dependencies:
    bindings "~1.2.1"
    nan "^2.10.0"

nan@^2.10.0:
  version "2.12.1"
  resolved "https://registry.yarnpkg.com/nan/-/nan-2.12.1.tgz#7b1aa193e9aa86057e3c7bbd0ac448e770925552"
  integrity sha512-JY7V6lRkStKcKTvHO5NVSQRv+RV+FIL5pvDoLiAtSL9pKlC5x9PKQcZDsq7m4FO4d57mkhC6Z+QhAh3Jdk5JFw==
